
Microsoft Visual Studio Solution File, Format Version 12.00
# Visual Studio Version 17
VisualStudioVersion = 17.9.34616.47
MinimumVisualStudioVersion = 10.0.40219.1
Project("{FAE04EC0-301F-11D3-BF4B-00C04F79EFBC}") = "Clases Basico 2", "Clases Basico 2\Clases Basico 2.csproj", "{F63BD0C2-F282-4CE3-B3FD-DCE38C419374}"
EndProject
Global
	GlobalSection(SolutionConfigurationPlatforms) = preSolution
		Debug|Any CPU = Debug|Any CPU
		Release|Any CPU = Release|Any CPU
	EndGlobalSection
	GlobalSection(ProjectConfigurationPlatforms) = postSolution
		{F63BD0C2-F282-4CE3-B3FD-DCE38C419374}.Debug|Any CPU.ActiveCfg = Debug|Any CPU
		{F63BD0C2-F282-4CE3-B3FD-DCE38C419374}.Debug|Any CPU.Build.0 = Debug|Any CPU
		{F63BD0C2-F282-4CE3-B3FD-DCE38C419374}.Release|Any CPU.ActiveCfg = Release|Any CPU
		{F63BD0C2-F282-4CE3-B3FD-DCE38C419374}.Release|Any CPU.Build.0 = Release|Any CPU
	EndGlobalSection
	GlobalSection(SolutionProperties) = preSolution
		HideSolutionNode = FALSE
	EndGlobalSection
	GlobalSection(ExtensibilityGlobals) = postSolution
		SolutionGuid = {2720EF94-C796-43CD-A222-109A4FBA9858}
	EndGlobalSection
EndGlobal
