
Microsoft Visual Studio Solution File, Format Version 12.00
# Visual Studio Version 17
VisualStudioVersion = 17.9.34616.47
MinimumVisualStudioVersion = 10.0.40219.1
Project("{FAE04EC0-301F-11D3-BF4B-00C04F79EFBC}") = "Parsing", "Parsing\Parsing.csproj", "{B1DA2FC2-6018-4377-BAA5-37D3C270C10F}"
EndProject
Global
	GlobalSection(SolutionConfigurationPlatforms) = preSolution
		Debug|Any CPU = Debug|Any CPU
		Release|Any CPU = Release|Any CPU
	EndGlobalSection
	GlobalSection(ProjectConfigurationPlatforms) = postSolution
		{B1DA2FC2-6018-4377-BAA5-37D3C270C10F}.Debug|Any CPU.ActiveCfg = Debug|Any CPU
		{B1DA2FC2-6018-4377-BAA5-37D3C270C10F}.Debug|Any CPU.Build.0 = Debug|Any CPU
		{B1DA2FC2-6018-4377-BAA5-37D3C270C10F}.Release|Any CPU.ActiveCfg = Release|Any CPU
		{B1DA2FC2-6018-4377-BAA5-37D3C270C10F}.Release|Any CPU.Build.0 = Release|Any CPU
	EndGlobalSection
	GlobalSection(SolutionProperties) = preSolution
		HideSolutionNode = FALSE
	EndGlobalSection
	GlobalSection(ExtensibilityGlobals) = postSolution
		SolutionGuid = {0304995F-C732-4F1D-9793-8E614B365371}
	EndGlobalSection
EndGlobal
