
Microsoft Visual Studio Solution File, Format Version 12.00
# Visual Studio Version 17
VisualStudioVersion = 17.9.34616.47
MinimumVisualStudioVersion = 10.0.40219.1
Project("{FAE04EC0-301F-11D3-BF4B-00C04F79EFBC}") = "Desafio Tateti", "Desafio Tateti\Desafio Tateti.csproj", "{64C7B5B4-D751-49B5-892A-585DDAFEC328}"
EndProject
Global
	GlobalSection(SolutionConfigurationPlatforms) = preSolution
		Debug|Any CPU = Debug|Any CPU
		Release|Any CPU = Release|Any CPU
	EndGlobalSection
	GlobalSection(ProjectConfigurationPlatforms) = postSolution
		{64C7B5B4-D751-49B5-892A-585DDAFEC328}.Debug|Any CPU.ActiveCfg = Debug|Any CPU
		{64C7B5B4-D751-49B5-892A-585DDAFEC328}.Debug|Any CPU.Build.0 = Debug|Any CPU
		{64C7B5B4-D751-49B5-892A-585DDAFEC328}.Release|Any CPU.ActiveCfg = Release|Any CPU
		{64C7B5B4-D751-49B5-892A-585DDAFEC328}.Release|Any CPU.Build.0 = Release|Any CPU
	EndGlobalSection
	GlobalSection(SolutionProperties) = preSolution
		HideSolutionNode = FALSE
	EndGlobalSection
	GlobalSection(ExtensibilityGlobals) = postSolution
		SolutionGuid = {578EF167-D780-460A-9802-F19E2A64613B}
	EndGlobalSection
EndGlobal
