
Microsoft Visual Studio Solution File, Format Version 12.00
# Visual Studio Version 17
VisualStudioVersion = 17.9.34616.47
MinimumVisualStudioVersion = 10.0.40219.1
Project("{FAE04EC0-301F-11D3-BF4B-00C04F79EFBC}") = "Ingresos del Usuario", "Ingresos del Usuario\Ingresos del Usuario.csproj", "{649F8629-7968-4F7B-9A79-7F348844B408}"
EndProject
Global
	GlobalSection(SolutionConfigurationPlatforms) = preSolution
		Debug|Any CPU = Debug|Any CPU
		Release|Any CPU = Release|Any CPU
	EndGlobalSection
	GlobalSection(ProjectConfigurationPlatforms) = postSolution
		{649F8629-7968-4F7B-9A79-7F348844B408}.Debug|Any CPU.ActiveCfg = Debug|Any CPU
		{649F8629-7968-4F7B-9A79-7F348844B408}.Debug|Any CPU.Build.0 = Debug|Any CPU
		{649F8629-7968-4F7B-9A79-7F348844B408}.Release|Any CPU.ActiveCfg = Release|Any CPU
		{649F8629-7968-4F7B-9A79-7F348844B408}.Release|Any CPU.Build.0 = Release|Any CPU
	EndGlobalSection
	GlobalSection(SolutionProperties) = preSolution
		HideSolutionNode = FALSE
	EndGlobalSection
	GlobalSection(ExtensibilityGlobals) = postSolution
		SolutionGuid = {2BE8D2B0-AFE5-421F-90AF-A91B9EC9F5AE}
	EndGlobalSection
EndGlobal
