
Microsoft Visual Studio Solution File, Format Version 12.00
# Visual Studio Version 17
VisualStudioVersion = 17.9.34616.47
MinimumVisualStudioVersion = 10.0.40219.1
Project("{FAE04EC0-301F-11D3-BF4B-00C04F79EFBC}") = "Operador Ternario", "Operador Ternario\Operador Ternario.csproj", "{4E471959-5783-42CB-AD2E-BFA09F839196}"
EndProject
Global
	GlobalSection(SolutionConfigurationPlatforms) = preSolution
		Debug|Any CPU = Debug|Any CPU
		Release|Any CPU = Release|Any CPU
	EndGlobalSection
	GlobalSection(ProjectConfigurationPlatforms) = postSolution
		{4E471959-5783-42CB-AD2E-BFA09F839196}.Debug|Any CPU.ActiveCfg = Debug|Any CPU
		{4E471959-5783-42CB-AD2E-BFA09F839196}.Debug|Any CPU.Build.0 = Debug|Any CPU
		{4E471959-5783-42CB-AD2E-BFA09F839196}.Release|Any CPU.ActiveCfg = Release|Any CPU
		{4E471959-5783-42CB-AD2E-BFA09F839196}.Release|Any CPU.Build.0 = Release|Any CPU
	EndGlobalSection
	GlobalSection(SolutionProperties) = preSolution
		HideSolutionNode = FALSE
	EndGlobalSection
	GlobalSection(ExtensibilityGlobals) = postSolution
		SolutionGuid = {701468DA-B030-4497-BA87-DBD90BA38734}
	EndGlobalSection
EndGlobal
