
Microsoft Visual Studio Solution File, Format Version 12.00
# Visual Studio Version 17
VisualStudioVersion = 17.9.34616.47
MinimumVisualStudioVersion = 10.0.40219.1
Project("{FAE04EC0-301F-11D3-BF4B-00C04F79EFBC}") = "Desafio If 2", "Desafio If 2\Desafio If 2.csproj", "{5F1BF57B-FC89-4AE1-BF5A-8903E371E0C3}"
EndProject
Global
	GlobalSection(SolutionConfigurationPlatforms) = preSolution
		Debug|Any CPU = Debug|Any CPU
		Release|Any CPU = Release|Any CPU
	EndGlobalSection
	GlobalSection(ProjectConfigurationPlatforms) = postSolution
		{5F1BF57B-FC89-4AE1-BF5A-8903E371E0C3}.Debug|Any CPU.ActiveCfg = Debug|Any CPU
		{5F1BF57B-FC89-4AE1-BF5A-8903E371E0C3}.Debug|Any CPU.Build.0 = Debug|Any CPU
		{5F1BF57B-FC89-4AE1-BF5A-8903E371E0C3}.Release|Any CPU.ActiveCfg = Release|Any CPU
		{5F1BF57B-FC89-4AE1-BF5A-8903E371E0C3}.Release|Any CPU.Build.0 = Release|Any CPU
	EndGlobalSection
	GlobalSection(SolutionProperties) = preSolution
		HideSolutionNode = FALSE
	EndGlobalSection
	GlobalSection(ExtensibilityGlobals) = postSolution
		SolutionGuid = {A1147FE2-8FA1-4547-A706-C273581C386B}
	EndGlobalSection
EndGlobal
